
Microsoft Visual Studio Solution File, Format Version 12.00
# Visual Studio Version 16
VisualStudioVersion = 16.0.30114.105
MinimumVisualStudioVersion = 10.0.40219.1
Project("{FAE04EC0-301F-11D3-BF4B-00C04F79EFBC}") = "Task0", "Task0\Task0.csproj", "{218C1039-2484-4EF3-B613-82660F7EE0EA}"
EndProject
Project("{FAE04EC0-301F-11D3-BF4B-00C04F79EFBC}") = "ClassLib", "ClassLib\ClassLib.csproj", "{FF3BE5CE-A0AF-4FAA-A8C4-BDC9756EF232}"
EndProject
Global
	GlobalSection(SolutionConfigurationPlatforms) = preSolution
		Debug|Any CPU = Debug|Any CPU
		Release|Any CPU = Release|Any CPU
	EndGlobalSection
	GlobalSection(SolutionProperties) = preSolution
		HideSolutionNode = FALSE
	EndGlobalSection
	GlobalSection(ProjectConfigurationPlatforms) = postSolution
		{218C1039-2484-4EF3-B613-82660F7EE0EA}.Debug|Any CPU.ActiveCfg = Debug|Any CPU
		{218C1039-2484-4EF3-B613-82660F7EE0EA}.Debug|Any CPU.Build.0 = Debug|Any CPU
		{218C1039-2484-4EF3-B613-82660F7EE0EA}.Release|Any CPU.ActiveCfg = Release|Any CPU
		{218C1039-2484-4EF3-B613-82660F7EE0EA}.Release|Any CPU.Build.0 = Release|Any CPU
		{FF3BE5CE-A0AF-4FAA-A8C4-BDC9756EF232}.Debug|Any CPU.ActiveCfg = Debug|Any CPU
		{FF3BE5CE-A0AF-4FAA-A8C4-BDC9756EF232}.Debug|Any CPU.Build.0 = Debug|Any CPU
		{FF3BE5CE-A0AF-4FAA-A8C4-BDC9756EF232}.Release|Any CPU.ActiveCfg = Release|Any CPU
		{FF3BE5CE-A0AF-4FAA-A8C4-BDC9756EF232}.Release|Any CPU.Build.0 = Release|Any CPU
	EndGlobalSection
EndGlobal
